
Microsoft Visual Studio Solution File, Format Version 12.00
# Visual Studio Version 16
VisualStudioVersion = 16.0.29613.14
MinimumVisualStudioVersion = 10.0.40219.1
Project("{9A19103F-16F7-4668-BE54-9A1E7A4F7556}") = "SGC.Entities", "SGC.Entities\SGC.Entities.csproj", "{03EEA344-A6B2-4405-BE12-9DD04117883B}"
EndProject
Project("{9A19103F-16F7-4668-BE54-9A1E7A4F7556}") = "SGC.Web", "SGC.Web\SGC.Web.csproj", "{9A8BB5FF-B369-45FD-8FC2-D9478F5BDD5B}"
EndProject
Project("{9A19103F-16F7-4668-BE54-9A1E7A4F7556}") = "SGC.InterfaceServices", "SGC.InterfaceServices\SGC.InterfaceServices.csproj", "{99F07923-D4F7-4CC9-A678-0B4D15507AD0}"
EndProject
Project("{9A19103F-16F7-4668-BE54-9A1E7A4F7556}") = "SGC.Services", "SGC.Services\SGC.Services.csproj", "{3FBEFAB7-34F0-4356-9E18-29DC83FD00DE}"
EndProject
Global
	GlobalSection(SolutionConfigurationPlatforms) = preSolution
		Debug|Any CPU = Debug|Any CPU
		Release|Any CPU = Release|Any CPU
	EndGlobalSection
	GlobalSection(ProjectConfigurationPlatforms) = postSolution
		{03EEA344-A6B2-4405-BE12-9DD04117883B}.Debug|Any CPU.ActiveCfg = Debug|Any CPU
		{03EEA344-A6B2-4405-BE12-9DD04117883B}.Debug|Any CPU.Build.0 = Debug|Any CPU
		{03EEA344-A6B2-4405-BE12-9DD04117883B}.Release|Any CPU.ActiveCfg = Release|Any CPU
		{03EEA344-A6B2-4405-BE12-9DD04117883B}.Release|Any CPU.Build.0 = Release|Any CPU
		{9A8BB5FF-B369-45FD-8FC2-D9478F5BDD5B}.Debug|Any CPU.ActiveCfg = Debug|Any CPU
		{9A8BB5FF-B369-45FD-8FC2-D9478F5BDD5B}.Debug|Any CPU.Build.0 = Debug|Any CPU
		{9A8BB5FF-B369-45FD-8FC2-D9478F5BDD5B}.Release|Any CPU.ActiveCfg = Release|Any CPU
		{9A8BB5FF-B369-45FD-8FC2-D9478F5BDD5B}.Release|Any CPU.Build.0 = Release|Any CPU
		{99F07923-D4F7-4CC9-A678-0B4D15507AD0}.Debug|Any CPU.ActiveCfg = Debug|Any CPU
		{99F07923-D4F7-4CC9-A678-0B4D15507AD0}.Debug|Any CPU.Build.0 = Debug|Any CPU
		{99F07923-D4F7-4CC9-A678-0B4D15507AD0}.Release|Any CPU.ActiveCfg = Release|Any CPU
		{99F07923-D4F7-4CC9-A678-0B4D15507AD0}.Release|Any CPU.Build.0 = Release|Any CPU
		{3FBEFAB7-34F0-4356-9E18-29DC83FD00DE}.Debug|Any CPU.ActiveCfg = Debug|Any CPU
		{3FBEFAB7-34F0-4356-9E18-29DC83FD00DE}.Debug|Any CPU.Build.0 = Debug|Any CPU
		{3FBEFAB7-34F0-4356-9E18-29DC83FD00DE}.Release|Any CPU.ActiveCfg = Release|Any CPU
		{3FBEFAB7-34F0-4356-9E18-29DC83FD00DE}.Release|Any CPU.Build.0 = Release|Any CPU
	EndGlobalSection
	GlobalSection(SolutionProperties) = preSolution
		HideSolutionNode = FALSE
	EndGlobalSection
	GlobalSection(ExtensibilityGlobals) = postSolution
		SolutionGuid = {9762702C-202C-495B-A23C-607354188D3A}
	EndGlobalSection
EndGlobal
